
Microsoft Visual Studio Solution File, Format Version 12.00
# Visual Studio Version 17
VisualStudioVersion = 17.4.33213.308
MinimumVisualStudioVersion = 10.0.40219.1
Project("{FAE04EC0-301F-11D3-BF4B-00C04F79EFBC}") = "KupacMicroservice", "KupacMicroservice.csproj", "{C6638862-513B-4030-8965-7E8294220315}"
EndProject
Global
	GlobalSection(SolutionConfigurationPlatforms) = preSolution
		Debug|Any CPU = Debug|Any CPU
		Release|Any CPU = Release|Any CPU
	EndGlobalSection
	GlobalSection(ProjectConfigurationPlatforms) = postSolution
		{C6638862-513B-4030-8965-7E8294220315}.Debug|Any CPU.ActiveCfg = Debug|Any CPU
		{C6638862-513B-4030-8965-7E8294220315}.Debug|Any CPU.Build.0 = Debug|Any CPU
		{C6638862-513B-4030-8965-7E8294220315}.Release|Any CPU.ActiveCfg = Release|Any CPU
		{C6638862-513B-4030-8965-7E8294220315}.Release|Any CPU.Build.0 = Release|Any CPU
	EndGlobalSection
	GlobalSection(SolutionProperties) = preSolution
		HideSolutionNode = FALSE
	EndGlobalSection
	GlobalSection(ExtensibilityGlobals) = postSolution
		SolutionGuid = {BAFF0B14-6BDA-4CF6-B09A-B2C2B0968264}
	EndGlobalSection
EndGlobal
