
Microsoft Visual Studio Solution File, Format Version 12.00
# Visual Studio Version 17
VisualStudioVersion = 17.3.32929.385
MinimumVisualStudioVersion = 10.0.40219.1
Project("{FAE04EC0-301F-11D3-BF4B-00C04F79EFBC}") = "LicitacijaService", "LicitacijaService.csproj", "{20A0AA55-E058-4DDD-94C6-1DDBB9B6BEFF}"
EndProject
Global
	GlobalSection(SolutionConfigurationPlatforms) = preSolution
		Debug|Any CPU = Debug|Any CPU
		Release|Any CPU = Release|Any CPU
	EndGlobalSection
	GlobalSection(ProjectConfigurationPlatforms) = postSolution
		{20A0AA55-E058-4DDD-94C6-1DDBB9B6BEFF}.Debug|Any CPU.ActiveCfg = Debug|Any CPU
		{20A0AA55-E058-4DDD-94C6-1DDBB9B6BEFF}.Debug|Any CPU.Build.0 = Debug|Any CPU
		{20A0AA55-E058-4DDD-94C6-1DDBB9B6BEFF}.Release|Any CPU.ActiveCfg = Release|Any CPU
		{20A0AA55-E058-4DDD-94C6-1DDBB9B6BEFF}.Release|Any CPU.Build.0 = Release|Any CPU
	EndGlobalSection
	GlobalSection(SolutionProperties) = preSolution
		HideSolutionNode = FALSE
	EndGlobalSection
	GlobalSection(ExtensibilityGlobals) = postSolution
		SolutionGuid = {EBDCD2C6-F307-41BB-A027-9FA9CA842F86}
	EndGlobalSection
EndGlobal
