
Microsoft Visual Studio Solution File, Format Version 12.00
# Visual Studio Version 17
VisualStudioVersion = 17.4.33213.308
MinimumVisualStudioVersion = 10.0.40219.1
Project("{FAE04EC0-301F-11D3-BF4B-00C04F79EFBC}") = "KorisnikSistemaServis", "KorisnikSistemaServis\KorisnikSistemaServis.csproj", "{BADD7369-7188-484B-B6E9-96B25375727C}"
EndProject
Global
	GlobalSection(SolutionConfigurationPlatforms) = preSolution
		Debug|Any CPU = Debug|Any CPU
		Release|Any CPU = Release|Any CPU
	EndGlobalSection
	GlobalSection(ProjectConfigurationPlatforms) = postSolution
		{BADD7369-7188-484B-B6E9-96B25375727C}.Debug|Any CPU.ActiveCfg = Debug|Any CPU
		{BADD7369-7188-484B-B6E9-96B25375727C}.Debug|Any CPU.Build.0 = Debug|Any CPU
		{BADD7369-7188-484B-B6E9-96B25375727C}.Release|Any CPU.ActiveCfg = Release|Any CPU
		{BADD7369-7188-484B-B6E9-96B25375727C}.Release|Any CPU.Build.0 = Release|Any CPU
	EndGlobalSection
	GlobalSection(SolutionProperties) = preSolution
		HideSolutionNode = FALSE
	EndGlobalSection
	GlobalSection(ExtensibilityGlobals) = postSolution
		SolutionGuid = {AAC3E705-5C89-462F-86C1-67CB4B7B5791}
	EndGlobalSection
EndGlobal
