
Microsoft Visual Studio Solution File, Format Version 12.00
# Visual Studio Version 17
VisualStudioVersion = 17.3.32929.385
MinimumVisualStudioVersion = 10.0.40219.1
Project("{FAE04EC0-301F-11D3-BF4B-00C04F79EFBC}") = "PrijavaJnService", "PrijavaJnService.csproj", "{F5533369-9B4D-4403-97C6-DCA2F75F6D88}"
EndProject
Global
	GlobalSection(SolutionConfigurationPlatforms) = preSolution
		Debug|Any CPU = Debug|Any CPU
		Release|Any CPU = Release|Any CPU
	EndGlobalSection
	GlobalSection(ProjectConfigurationPlatforms) = postSolution
		{F5533369-9B4D-4403-97C6-DCA2F75F6D88}.Debug|Any CPU.ActiveCfg = Debug|Any CPU
		{F5533369-9B4D-4403-97C6-DCA2F75F6D88}.Debug|Any CPU.Build.0 = Debug|Any CPU
		{F5533369-9B4D-4403-97C6-DCA2F75F6D88}.Release|Any CPU.ActiveCfg = Release|Any CPU
		{F5533369-9B4D-4403-97C6-DCA2F75F6D88}.Release|Any CPU.Build.0 = Release|Any CPU
	EndGlobalSection
	GlobalSection(SolutionProperties) = preSolution
		HideSolutionNode = FALSE
	EndGlobalSection
	GlobalSection(ExtensibilityGlobals) = postSolution
		SolutionGuid = {485F3309-07FC-41FD-8462-9C21AD800F65}
	EndGlobalSection
EndGlobal
