
Microsoft Visual Studio Solution File, Format Version 12.00
# Visual Studio Version 17
VisualStudioVersion = 17.4.33213.308
MinimumVisualStudioVersion = 10.0.40219.1
Project("{9A19103F-16F7-4668-BE54-9A1E7A4F7556}") = "nadmetanje_microserviceWebApp", "nadmetanje_microservice\nadmetanje_microserviceWebApp.csproj", "{5E10BC6A-9F71-4BB2-A78B-4A6BDF9451E1}"
EndProject
Project("{9A19103F-16F7-4668-BE54-9A1E7A4F7556}") = "nadmetanje_microserviceDAL", "nadmetanje_microserviceDLL\nadmetanje_microserviceDAL.csproj", "{9C700171-4A40-4121-B91E-99F394AE0461}"
EndProject
Project("{9A19103F-16F7-4668-BE54-9A1E7A4F7556}") = "nadmetanje_microserviceBLL", "nadmetanje_microserviceBLL\nadmetanje_microserviceBLL.csproj", "{1BDA902E-9A5F-4272-8C4F-B4D716780BBE}"
EndProject
Global
	GlobalSection(SolutionConfigurationPlatforms) = preSolution
		Debug|Any CPU = Debug|Any CPU
		Release|Any CPU = Release|Any CPU
	EndGlobalSection
	GlobalSection(ProjectConfigurationPlatforms) = postSolution
		{5E10BC6A-9F71-4BB2-A78B-4A6BDF9451E1}.Debug|Any CPU.ActiveCfg = Debug|Any CPU
		{5E10BC6A-9F71-4BB2-A78B-4A6BDF9451E1}.Debug|Any CPU.Build.0 = Debug|Any CPU
		{5E10BC6A-9F71-4BB2-A78B-4A6BDF9451E1}.Release|Any CPU.ActiveCfg = Release|Any CPU
		{5E10BC6A-9F71-4BB2-A78B-4A6BDF9451E1}.Release|Any CPU.Build.0 = Release|Any CPU
		{9C700171-4A40-4121-B91E-99F394AE0461}.Debug|Any CPU.ActiveCfg = Debug|Any CPU
		{9C700171-4A40-4121-B91E-99F394AE0461}.Debug|Any CPU.Build.0 = Debug|Any CPU
		{9C700171-4A40-4121-B91E-99F394AE0461}.Release|Any CPU.ActiveCfg = Release|Any CPU
		{9C700171-4A40-4121-B91E-99F394AE0461}.Release|Any CPU.Build.0 = Release|Any CPU
		{1BDA902E-9A5F-4272-8C4F-B4D716780BBE}.Debug|Any CPU.ActiveCfg = Debug|Any CPU
		{1BDA902E-9A5F-4272-8C4F-B4D716780BBE}.Debug|Any CPU.Build.0 = Debug|Any CPU
		{1BDA902E-9A5F-4272-8C4F-B4D716780BBE}.Release|Any CPU.ActiveCfg = Release|Any CPU
		{1BDA902E-9A5F-4272-8C4F-B4D716780BBE}.Release|Any CPU.Build.0 = Release|Any CPU
	EndGlobalSection
	GlobalSection(SolutionProperties) = preSolution
		HideSolutionNode = FALSE
	EndGlobalSection
	GlobalSection(ExtensibilityGlobals) = postSolution
		SolutionGuid = {209D52AA-7205-42AB-BD88-D3ECB3521445}
	EndGlobalSection
EndGlobal
